
Microsoft Visual Studio Solution File, Format Version 12.00
# Visual Studio 15
VisualStudioVersion = 15.0.26430.14
MinimumVisualStudioVersion = 10.0.40219.1
Project("{FAE04EC0-301F-11D3-BF4B-00C04F79EFBC}") = "WebApplication21", "WebApplication21.csproj", "{0A7D0E27-3827-4B12-955F-455A1D31C8E8}"
EndProject
Global
	GlobalSection(SolutionConfigurationPlatforms) = preSolution
		Debug|Any CPU = Debug|Any CPU
		Release|Any CPU = Release|Any CPU
	EndGlobalSection
	GlobalSection(ProjectConfigurationPlatforms) = postSolution
		{0A7D0E27-3827-4B12-955F-455A1D31C8E8}.Debug|Any CPU.ActiveCfg = Debug|Any CPU
		{0A7D0E27-3827-4B12-955F-455A1D31C8E8}.Debug|Any CPU.Build.0 = Debug|Any CPU
		{0A7D0E27-3827-4B12-955F-455A1D31C8E8}.Release|Any CPU.ActiveCfg = Release|Any CPU
		{0A7D0E27-3827-4B12-955F-455A1D31C8E8}.Release|Any CPU.Build.0 = Release|Any CPU
	EndGlobalSection
	GlobalSection(SolutionProperties) = preSolution
		HideSolutionNode = FALSE
	EndGlobalSection
	GlobalSection(ExtensibilityGlobals) = postSolution
		SolutionGuid = {9342ABA1-6A46-4F7D-8841-CD6B9BCDA637}
	EndGlobalSection
EndGlobal
